// !$*UTF8*$!
{
	archiveVersion = 1;
	classes = {
	};
	objectVersion = 50;
	objects = {

/* Begin PBXBuildFile section */
		F2033EB927160BB60099E1BA /* WelcomeCardView.swift in Sources */ = {isa = PBXBuildFile; fileRef = F2033EB827160BB60099E1BA /* WelcomeCardView.swift */; };
		F2033EBB27160BD90099E1BA /* InfoCardView.swift in Sources */ = {isa = PBXBuildFile; fileRef = F2033EBA27160BD90099E1BA /* InfoCardView.swift */; };
		F2033EBD27160BEE0099E1BA /* TutorialCardView.swift in Sources */ = {isa = PBXBuildFile; fileRef = F2033EBC27160BEE0099E1BA /* TutorialCardView.swift */; };
		F2033EBF27160C010099E1BA /* ReadyCardView.swift in Sources */ = {isa = PBXBuildFile; fileRef = F2033EBE27160C010099E1BA /* ReadyCardView.swift */; };
		F2033EC227160CD30099E1BA /* OnboardingView.swift in Sources */ = {isa = PBXBuildFile; fileRef = F2033EC127160CD30099E1BA /* OnboardingView.swift */; };
		F2033EC427160D700099E1BA /* InfoView.swift in Sources */ = {isa = PBXBuildFile; fileRef = F2033EC327160D700099E1BA /* InfoView.swift */; };
		F2033EC62716786F0099E1BA /* StartButtonView.swift in Sources */ = {isa = PBXBuildFile; fileRef = F2033EC52716786F0099E1BA /* StartButtonView.swift */; };
		F23CCC0B260030DB00DA74BC /* VinDecoderApp.swift in Sources */ = {isa = PBXBuildFile; fileRef = F23CCC0A260030DB00DA74BC /* VinDecoderApp.swift */; };
		F23CCC0D260030DB00DA74BC /* ContentView.swift in Sources */ = {isa = PBXBuildFile; fileRef = F23CCC0C260030DB00DA74BC /* ContentView.swift */; };
		F23CCC0F260030DB00DA74BC /* Assets.xcassets in Resources */ = {isa = PBXBuildFile; fileRef = F23CCC0E260030DB00DA74BC /* Assets.xcassets */; };
		F23CCC12260030DB00DA74BC /* Preview Assets.xcassets in Resources */ = {isa = PBXBuildFile; fileRef = F23CCC11260030DB00DA74BC /* Preview Assets.xcassets */; };
		F23CCC1B2600576900DA74BC /* VehicleData.swift in Sources */ = {isa = PBXBuildFile; fileRef = F23CCC1A2600576900DA74BC /* VehicleData.swift */; };
		F26767B02604453E006A6EF1 /* DiagnosticData.swift in Sources */ = {isa = PBXBuildFile; fileRef = F26767AF2604453E006A6EF1 /* DiagnosticData.swift */; };
		F26767B326044623006A6EF1 /* DiagnosticView.swift in Sources */ = {isa = PBXBuildFile; fileRef = F26767B226044623006A6EF1 /* DiagnosticView.swift */; };
		F2681EA7260A755800F12BE1 /* Keys.swift in Sources */ = {isa = PBXBuildFile; fileRef = F2681EA6260A755800F12BE1 /* Keys.swift */; };
		F27138AF2704E6F1006FDBBD /* ScannerView.swift in Sources */ = {isa = PBXBuildFile; fileRef = F27138AE2704E6F1006FDBBD /* ScannerView.swift */; };
		F27138B12704E722006FDBBD /* ScannedVINModel.swift in Sources */ = {isa = PBXBuildFile; fileRef = F27138B02704E722006FDBBD /* ScannedVINModel.swift */; };
		F27138B32704E7DF006FDBBD /* VINRecognition.swift in Sources */ = {isa = PBXBuildFile; fileRef = F27138B22704E7DF006FDBBD /* VINRecognition.swift */; };
		F2B2106B2717A4F2008B42A5 /* HeaderView.swift in Sources */ = {isa = PBXBuildFile; fileRef = F2B2106A2717A4F2008B42A5 /* HeaderView.swift */; };
		F2B2106D2717A5B9008B42A5 /* RowView.swift in Sources */ = {isa = PBXBuildFile; fileRef = F2B2106C2717A5B9008B42A5 /* RowView.swift */; };
		F2B2106F2717D57D008B42A5 /* DataRowView.swift in Sources */ = {isa = PBXBuildFile; fileRef = F2B2106E2717D57D008B42A5 /* DataRowView.swift */; };
/* End PBXBuildFile section */

/* Begin PBXFileReference section */
		F2033EB827160BB60099E1BA /* WelcomeCardView.swift */ = {isa = PBXFileReference; lastKnownFileType = sourcecode.swift; path = WelcomeCardView.swift; sourceTree = "<group>"; };
		F2033EBA27160BD90099E1BA /* InfoCardView.swift */ = {isa = PBXFileReference; lastKnownFileType = sourcecode.swift; path = InfoCardView.swift; sourceTree = "<group>"; };
		F2033EBC27160BEE0099E1BA /* TutorialCardView.swift */ = {isa = PBXFileReference; lastKnownFileType = sourcecode.swift; path = TutorialCardView.swift; sourceTree = "<group>"; };
		F2033EBE27160C010099E1BA /* ReadyCardView.swift */ = {isa = PBXFileReference; lastKnownFileType = sourcecode.swift; path = ReadyCardView.swift; sourceTree = "<group>"; };
		F2033EC127160CD30099E1BA /* OnboardingView.swift */ = {isa = PBXFileReference; lastKnownFileType = sourcecode.swift; path = OnboardingView.swift; sourceTree = "<group>"; };
		F2033EC327160D700099E1BA /* InfoView.swift */ = {isa = PBXFileReference; lastKnownFileType = sourcecode.swift; path = InfoView.swift; sourceTree = "<group>"; };
		F2033EC52716786F0099E1BA /* StartButtonView.swift */ = {isa = PBXFileReference; lastKnownFileType = sourcecode.swift; path = StartButtonView.swift; sourceTree = "<group>"; };
		F23CCC07260030DB00DA74BC /* VinDecoder.app */ = {isa = PBXFileReference; explicitFileType = wrapper.application; includeInIndex = 0; path = VinDecoder.app; sourceTree = BUILT_PRODUCTS_DIR; };
		F23CCC0A260030DB00DA74BC /* VinDecoderApp.swift */ = {isa = PBXFileReference; lastKnownFileType = sourcecode.swift; path = VinDecoderApp.swift; sourceTree = "<group>"; };
		F23CCC0C260030DB00DA74BC /* ContentView.swift */ = {isa = PBXFileReference; lastKnownFileType = sourcecode.swift; path = ContentView.swift; sourceTree = "<group>"; };
		F23CCC0E260030DB00DA74BC /* Assets.xcassets */ = {isa = PBXFileReference; lastKnownFileType = folder.assetcatalog; path = Assets.xcassets; sourceTree = "<group>"; };
		F23CCC11260030DB00DA74BC /* Preview Assets.xcassets */ = {isa = PBXFileReference; lastKnownFileType = folder.assetcatalog; path = "Preview Assets.xcassets"; sourceTree = "<group>"; };
		F23CCC13260030DB00DA74BC /* Info.plist */ = {isa = PBXFileReference; lastKnownFileType = text.plist.xml; path = Info.plist; sourceTree = "<group>"; };
		F23CCC1A2600576900DA74BC /* VehicleData.swift */ = {isa = PBXFileReference; lastKnownFileType = sourcecode.swift; path = VehicleData.swift; sourceTree = "<group>"; };
		F26767AF2604453E006A6EF1 /* DiagnosticData.swift */ = {isa = PBXFileReference; lastKnownFileType = sourcecode.swift; path = DiagnosticData.swift; sourceTree = "<group>"; };
		F26767B226044623006A6EF1 /* DiagnosticView.swift */ = {isa = PBXFileReference; lastKnownFileType = sourcecode.swift; path = DiagnosticView.swift; sourceTree = "<group>"; };
		F2681EA6260A755800F12BE1 /* Keys.swift */ = {isa = PBXFileReference; lastKnownFileType = sourcecode.swift; path = Keys.swift; sourceTree = "<group>"; };
		F27138AE2704E6F1006FDBBD /* ScannerView.swift */ = {isa = PBXFileReference; lastKnownFileType = sourcecode.swift; path = ScannerView.swift; sourceTree = "<group>"; };
		F27138B02704E722006FDBBD /* ScannedVINModel.swift */ = {isa = PBXFileReference; lastKnownFileType = sourcecode.swift; path = ScannedVINModel.swift; sourceTree = "<group>"; };
		F27138B22704E7DF006FDBBD /* VINRecognition.swift */ = {isa = PBXFileReference; lastKnownFileType = sourcecode.swift; path = VINRecognition.swift; sourceTree = "<group>"; };
		F2B2106A2717A4F2008B42A5 /* HeaderView.swift */ = {isa = PBXFileReference; lastKnownFileType = sourcecode.swift; path = HeaderView.swift; sourceTree = "<group>"; };
		F2B2106C2717A5B9008B42A5 /* RowView.swift */ = {isa = PBXFileReference; lastKnownFileType = sourcecode.swift; path = RowView.swift; sourceTree = "<group>"; };
		F2B2106E2717D57D008B42A5 /* DataRowView.swift */ = {isa = PBXFileReference; lastKnownFileType = sourcecode.swift; path = DataRowView.swift; sourceTree = "<group>"; };
/* End PBXFileReference section */

/* Begin PBXFrameworksBuildPhase section */
		F23CCC04260030DB00DA74BC /* Frameworks */ = {
			isa = PBXFrameworksBuildPhase;
			buildActionMask = 2147483647;
			files = (
			);
			runOnlyForDeploymentPostprocessing = 0;
		};
/* End PBXFrameworksBuildPhase section */

/* Begin PBXGroup section */
		F2033EB727160B9F0099E1BA /* Onboarding Cards */ = {
			isa = PBXGroup;
			children = (
				F2033EB827160BB60099E1BA /* WelcomeCardView.swift */,
				F2033EBA27160BD90099E1BA /* InfoCardView.swift */,
				F2033EBC27160BEE0099E1BA /* TutorialCardView.swift */,
				F2033EBE27160C010099E1BA /* ReadyCardView.swift */,
			);
			path = "Onboarding Cards";
			sourceTree = "<group>";
		};
		F2033EC027160C6B0099E1BA /* SubViews */ = {
			isa = PBXGroup;
			children = (
				F2033EC7271678F30099E1BA /* Elements */,
				F2033EB727160B9F0099E1BA /* Onboarding Cards */,
			);
			path = SubViews;
			sourceTree = "<group>";
		};
		F2033EC7271678F30099E1BA /* Elements */ = {
			isa = PBXGroup;
			children = (
				F2033EC52716786F0099E1BA /* StartButtonView.swift */,
				F2B2106A2717A4F2008B42A5 /* HeaderView.swift */,
				F2B2106C2717A5B9008B42A5 /* RowView.swift */,
				F2B2106E2717D57D008B42A5 /* DataRowView.swift */,
			);
			path = Elements;
			sourceTree = "<group>";
		};
		F23CCBFE260030DB00DA74BC = {
			isa = PBXGroup;
			children = (
				F23CCC09260030DB00DA74BC /* VinDecoder */,
				F23CCC08260030DB00DA74BC /* Products */,
			);
			sourceTree = "<group>";
		};
		F23CCC08260030DB00DA74BC /* Products */ = {
			isa = PBXGroup;
			children = (
				F23CCC07260030DB00DA74BC /* VinDecoder.app */,
			);
			name = Products;
			sourceTree = "<group>";
		};
		F23CCC09260030DB00DA74BC /* VinDecoder */ = {
			isa = PBXGroup;
			children = (
				F27138AD2704E6D5006FDBBD /* View */,
				F26659D12702BA8000A999C5 /* Utility */,
				F2BC4AEE26095AF400B55C83 /* Model */,
				F23CCC0E260030DB00DA74BC /* Assets.xcassets */,
				F23CCC13260030DB00DA74BC /* Info.plist */,
				F23CCC10260030DB00DA74BC /* Preview Content */,
			);
			path = VinDecoder;
			sourceTree = "<group>";
		};
		F23CCC10260030DB00DA74BC /* Preview Content */ = {
			isa = PBXGroup;
			children = (
				F23CCC11260030DB00DA74BC /* Preview Assets.xcassets */,
			);
			path = "Preview Content";
			sourceTree = "<group>";
		};
		F26659D12702BA8000A999C5 /* Utility */ = {
			isa = PBXGroup;
			children = (
				F27138B22704E7DF006FDBBD /* VINRecognition.swift */,
				F2681EA6260A755800F12BE1 /* Keys.swift */,
			);
			path = Utility;
			sourceTree = "<group>";
		};
		F27138AD2704E6D5006FDBBD /* View */ = {
			isa = PBXGroup;
			children = (
				F2033EC027160C6B0099E1BA /* SubViews */,
				F23CCC0C260030DB00DA74BC /* ContentView.swift */,
				F23CCC0A260030DB00DA74BC /* VinDecoderApp.swift */,
				F26767B226044623006A6EF1 /* DiagnosticView.swift */,
				F2033EC327160D700099E1BA /* InfoView.swift */,
				F27138AE2704E6F1006FDBBD /* ScannerView.swift */,
				F2033EC127160CD30099E1BA /* OnboardingView.swift */,
			);
			path = View;
			sourceTree = "<group>";
		};
		F2BC4AEE26095AF400B55C83 /* Model */ = {
			isa = PBXGroup;
			children = (
				F26767AF2604453E006A6EF1 /* DiagnosticData.swift */,
				F23CCC1A2600576900DA74BC /* VehicleData.swift */,
				F27138B02704E722006FDBBD /* ScannedVINModel.swift */,
			);
			path = Model;
			sourceTree = "<group>";
		};
/* End PBXGroup section */

/* Begin PBXNativeTarget section */
		F23CCC06260030DB00DA74BC /* VinDecoder */ = {
			isa = PBXNativeTarget;
			buildConfigurationList = F23CCC16260030DB00DA74BC /* Build configuration list for PBXNativeTarget "VinDecoder" */;
			buildPhases = (
				F23CCC03260030DB00DA74BC /* Sources */,
				F23CCC04260030DB00DA74BC /* Frameworks */,
				F23CCC05260030DB00DA74BC /* Resources */,
			);
			buildRules = (
			);
			dependencies = (
			);
			name = VinDecoder;
			productName = VinDecoder;
			productReference = F23CCC07260030DB00DA74BC /* VinDecoder.app */;
			productType = "com.apple.product-type.application";
		};
/* End PBXNativeTarget section */

/* Begin PBXProject section */
		F23CCBFF260030DB00DA74BC /* Project object */ = {
			isa = PBXProject;
			attributes = {
				LastSwiftUpdateCheck = 1240;
				LastUpgradeCheck = 1240;
				TargetAttributes = {
					F23CCC06260030DB00DA74BC = {
						CreatedOnToolsVersion = 12.4;
					};
				};
			};
			buildConfigurationList = F23CCC02260030DB00DA74BC /* Build configuration list for PBXProject "VinDecoder" */;
			compatibilityVersion = "Xcode 9.3";
			developmentRegion = en;
			hasScannedForEncodings = 0;
			knownRegions = (
				en,
				Base,
			);
			mainGroup = F23CCBFE260030DB00DA74BC;
			productRefGroup = F23CCC08260030DB00DA74BC /* Products */;
			projectDirPath = "";
			projectRoot = "";
			targets = (
				F23CCC06260030DB00DA74BC /* VinDecoder */,
			);
		};
/* End PBXProject section */

/* Begin PBXResourcesBuildPhase section */
		F23CCC05260030DB00DA74BC /* Resources */ = {
			isa = PBXResourcesBuildPhase;
			buildActionMask = 2147483647;
			files = (
				F23CCC12260030DB00DA74BC /* Preview Assets.xcassets in Resources */,
				F23CCC0F260030DB00DA74BC /* Assets.xcassets in Resources */,
			);
			runOnlyForDeploymentPostprocessing = 0;
		};
/* End PBXResourcesBuildPhase section */

/* Begin PBXSourcesBuildPhase section */
		F23CCC03260030DB00DA74BC /* Sources */ = {
			isa = PBXSourcesBuildPhase;
			buildActionMask = 2147483647;
			files = (
				F2033EBF27160C010099E1BA /* ReadyCardView.swift in Sources */,
				F23CCC0D260030DB00DA74BC /* ContentView.swift in Sources */,
				F27138AF2704E6F1006FDBBD /* ScannerView.swift in Sources */,
				F2681EA7260A755800F12BE1 /* Keys.swift in Sources */,
				F27138B32704E7DF006FDBBD /* VINRecognition.swift in Sources */,
				F2033EC62716786F0099E1BA /* StartButtonView.swift in Sources */,
				F2B2106B2717A4F2008B42A5 /* HeaderView.swift in Sources */,
				F23CCC0B260030DB00DA74BC /* VinDecoderApp.swift in Sources */,
				F2033EB927160BB60099E1BA /* WelcomeCardView.swift in Sources */,
				F26767B326044623006A6EF1 /* DiagnosticView.swift in Sources */,
				F26767B02604453E006A6EF1 /* DiagnosticData.swift in Sources */,
				F27138B12704E722006FDBBD /* ScannedVINModel.swift in Sources */,
				F2033EBB27160BD90099E1BA /* InfoCardView.swift in Sources */,
				F2B2106D2717A5B9008B42A5 /* RowView.swift in Sources */,
				F2033EBD27160BEE0099E1BA /* TutorialCardView.swift in Sources */,
				F23CCC1B2600576900DA74BC /* VehicleData.swift in Sources */,
				F2033EC427160D700099E1BA /* InfoView.swift in Sources */,
				F2033EC227160CD30099E1BA /* OnboardingView.swift in Sources */,
				F2B2106F2717D57D008B42A5 /* DataRowView.swift in Sources */,
			);
			runOnlyForDeploymentPostprocessing = 0;
		};
/* End PBXSourcesBuildPhase section */

/* Begin XCBuildConfiguration section */
		F23CCC14260030DB00DA74BC /* Debug */ = {
			isa = XCBuildConfiguration;
			buildSettings = {
				ALWAYS_SEARCH_USER_PATHS = NO;
				CLANG_ANALYZER_NONNULL = YES;
				CLANG_ANALYZER_NUMBER_OBJECT_CONVERSION = YES_AGGRESSIVE;
				CLANG_CXX_LANGUAGE_STANDARD = "gnu++14";
				CLANG_CXX_LIBRARY = "libc++";
				CLANG_ENABLE_MODULES = YES;
				CLANG_ENABLE_OBJC_ARC = YES;
				CLANG_ENABLE_OBJC_WEAK = YES;
				CLANG_WARN_BLOCK_CAPTURE_AUTORELEASING = YES;
				CLANG_WARN_BOOL_CONVERSION = YES;
				CLANG_WARN_COMMA = YES;
				CLANG_WARN_CONSTANT_CONVERSION = YES;
				CLANG_WARN_DEPRECATED_OBJC_IMPLEMENTATIONS = YES;
				CLANG_WARN_DIRECT_OBJC_ISA_USAGE = YES_ERROR;
				CLANG_WARN_DOCUMENTATION_COMMENTS = YES;
				CLANG_WARN_EMPTY_BODY = YES;
				CLANG_WARN_ENUM_CONVERSION = YES;
				CLANG_WARN_INFINITE_RECURSION = YES;
				CLANG_WARN_INT_CONVERSION = YES;
				CLANG_WARN_NON_LITERAL_NULL_CONVERSION = YES;
				CLANG_WARN_OBJC_IMPLICIT_RETAIN_SELF = YES;
				CLANG_WARN_OBJC_LITERAL_CONVERSION = YES;
				CLANG_WARN_OBJC_ROOT_CLASS = YES_ERROR;
				CLANG_WARN_QUOTED_INCLUDE_IN_FRAMEWORK_HEADER = YES;
				CLANG_WARN_RANGE_LOOP_ANALYSIS = YES;
				CLANG_WARN_STRICT_PROTOTYPES = YES;
				CLANG_WARN_SUSPICIOUS_MOVE = YES;
				CLANG_WARN_UNGUARDED_AVAILABILITY = YES_AGGRESSIVE;
				CLANG_WARN_UNREACHABLE_CODE = YES;
				CLANG_WARN__DUPLICATE_METHOD_MATCH = YES;
				COPY_PHASE_STRIP = NO;
				DEBUG_INFORMATION_FORMAT = dwarf;
				ENABLE_STRICT_OBJC_MSGSEND = YES;
				ENABLE_TESTABILITY = YES;
				GCC_C_LANGUAGE_STANDARD = gnu11;
				GCC_DYNAMIC_NO_PIC = NO;
				GCC_NO_COMMON_BLOCKS = YES;
				GCC_OPTIMIZATION_LEVEL = 0;
				GCC_PREPROCESSOR_DEFINITIONS = (
					"DEBUG=1",
					"$(inherited)",
				);
				GCC_WARN_64_TO_32_BIT_CONVERSION = YES;
				GCC_WARN_ABOUT_RETURN_TYPE = YES_ERROR;
				GCC_WARN_UNDECLARED_SELECTOR = YES;
				GCC_WARN_UNINITIALIZED_AUTOS = YES_AGGRESSIVE;
				GCC_WARN_UNUSED_FUNCTION = YES;
				GCC_WARN_UNUSED_VARIABLE = YES;
				IPHONEOS_DEPLOYMENT_TARGET = 14.4;
				MTL_ENABLE_DEBUG_INFO = INCLUDE_SOURCE;
				MTL_FAST_MATH = YES;
				ONLY_ACTIVE_ARCH = YES;
				SDKROOT = iphoneos;
				SWIFT_ACTIVE_COMPILATION_CONDITIONS = DEBUG;
				SWIFT_OPTIMIZATION_LEVEL = "-Onone";
			};
			name = Debug;
		};
		F23CCC15260030DB00DA74BC /* Release */ = {
			isa = XCBuildConfiguration;
			buildSettings = {
				ALWAYS_SEARCH_USER_PATHS = NO;
				CLANG_ANALYZER_NONNULL = YES;
				CLANG_ANALYZER_NUMBER_OBJECT_CONVERSION = YES_AGGRESSIVE;
				CLANG_CXX_LANGUAGE_STANDARD = "gnu++14";
				CLANG_CXX_LIBRARY = "libc++";
				CLANG_ENABLE_MODULES = YES;
				CLANG_ENABLE_OBJC_ARC = YES;
				CLANG_ENABLE_OBJC_WEAK = YES;
				CLANG_WARN_BLOCK_CAPTURE_AUTORELEASING = YES;
				CLANG_WARN_BOOL_CONVERSION = YES;
				CLANG_WARN_COMMA = YES;
				CLANG_WARN_CONSTANT_CONVERSION = YES;
				CLANG_WARN_DEPRECATED_OBJC_IMPLEMENTATIONS = YES;
				CLANG_WARN_DIRECT_OBJC_ISA_USAGE = YES_ERROR;
				CLANG_WARN_DOCUMENTATION_COMMENTS = YES;
				CLANG_WARN_EMPTY_BODY = YES;
				CLANG_WARN_ENUM_CONVERSION = YES;
				CLANG_WARN_INFINITE_RECURSION = YES;
				CLANG_WARN_INT_CONVERSION = YES;
				CLANG_WARN_NON_LITERAL_NULL_CONVERSION = YES;
				CLANG_WARN_OBJC_IMPLICIT_RETAIN_SELF = YES;
				CLANG_WARN_OBJC_LITERAL_CONVERSION = YES;
				CLANG_WARN_OBJC_ROOT_CLASS = YES_ERROR;
				CLANG_WARN_QUOTED_INCLUDE_IN_FRAMEWORK_HEADER = YES;
				CLANG_WARN_RANGE_LOOP_ANALYSIS = YES;
				CLANG_WARN_STRICT_PROTOTYPES = YES;
				CLANG_WARN_SUSPICIOUS_MOVE = YES;
				CLANG_WARN_UNGUARDED_AVAILABILITY = YES_AGGRESSIVE;
				CLANG_WARN_UNREACHABLE_CODE = YES;
				CLANG_WARN__DUPLICATE_METHOD_MATCH = YES;
				COPY_PHASE_STRIP = NO;
				DEBUG_INFORMATION_FORMAT = "dwarf-with-dsym";
				ENABLE_NS_ASSERTIONS = NO;
				ENABLE_STRICT_OBJC_MSGSEND = YES;
				GCC_C_LANGUAGE_STANDARD = gnu11;
				GCC_NO_COMMON_BLOCKS = YES;
				GCC_WARN_64_TO_32_BIT_CONVERSION = YES;
				GCC_WARN_ABOUT_RETURN_TYPE = YES_ERROR;
				GCC_WARN_UNDECLARED_SELECTOR = YES;
				GCC_WARN_UNINITIALIZED_AUTOS = YES_AGGRESSIVE;
				GCC_WARN_UNUSED_FUNCTION = YES;
				GCC_WARN_UNUSED_VARIABLE = YES;
				IPHONEOS_DEPLOYMENT_TARGET = 14.4;
				MTL_ENABLE_DEBUG_INFO = NO;
				MTL_FAST_MATH = YES;
				SDKROOT = iphoneos;
				SWIFT_COMPILATION_MODE = wholemodule;
				SWIFT_OPTIMIZATION_LEVEL = "-O";
				VALIDATE_PRODUCT = YES;
			};
			name = Release;
		};
		F23CCC17260030DB00DA74BC /* Debug */ = {
			isa = XCBuildConfiguration;
			buildSettings = {
				ASSETCATALOG_COMPILER_APPICON_NAME = AppIcon;
				ASSETCATALOG_COMPILER_GLOBAL_ACCENT_COLOR_NAME = AccentColor;
				CODE_SIGN_STYLE = Automatic;
				DEVELOPMENT_ASSET_PATHS = "\"VinDecoder/Preview Content\"";
				DEVELOPMENT_TEAM = GDUSYDN3AG;
				ENABLE_PREVIEWS = YES;
				INFOPLIST_FILE = VinDecoder/Info.plist;
				IPHONEOS_DEPLOYMENT_TARGET = 14.0;
				LD_RUNPATH_SEARCH_PATHS = (
					"$(inherited)",
					"@executable_path/Frameworks",
				);
				PRODUCT_BUNDLE_IDENTIFIER = sawyercherry.VinDecoder.V1;
				PRODUCT_NAME = "$(TARGET_NAME)";
				SWIFT_VERSION = 5.0;
				TARGETED_DEVICE_FAMILY = 1;
			};
			name = Debug;
		};
		F23CCC18260030DB00DA74BC /* Release */ = {
			isa = XCBuildConfiguration;
			buildSettings = {
				ASSETCATALOG_COMPILER_APPICON_NAME = AppIcon;
				ASSETCATALOG_COMPILER_GLOBAL_ACCENT_COLOR_NAME = AccentColor;
				CODE_SIGN_STYLE = Automatic;
				DEVELOPMENT_ASSET_PATHS = "\"VinDecoder/Preview Content\"";
				DEVELOPMENT_TEAM = GDUSYDN3AG;
				ENABLE_PREVIEWS = YES;
				INFOPLIST_FILE = VinDecoder/Info.plist;
				IPHONEOS_DEPLOYMENT_TARGET = 14.0;
				LD_RUNPATH_SEARCH_PATHS = (
					"$(inherited)",
					"@executable_path/Frameworks",
				);
				PRODUCT_BUNDLE_IDENTIFIER = sawyercherry.VinDecoder.V1;
				PRODUCT_NAME = "$(TARGET_NAME)";
				SWIFT_VERSION = 5.0;
				TARGETED_DEVICE_FAMILY = 1;
			};
			name = Release;
		};
/* End XCBuildConfiguration section */

/* Begin XCConfigurationList section */
		F23CCC02260030DB00DA74BC /* Build configuration list for PBXProject "VinDecoder" */ = {
			isa = XCConfigurationList;
			buildConfigurations = (
				F23CCC14260030DB00DA74BC /* Debug */,
				F23CCC15260030DB00DA74BC /* Release */,
			);
			defaultConfigurationIsVisible = 0;
			defaultConfigurationName = Release;
		};
		F23CCC16260030DB00DA74BC /* Build configuration list for PBXNativeTarget "VinDecoder" */ = {
			isa = XCConfigurationList;
			buildConfigurations = (
				F23CCC17260030DB00DA74BC /* Debug */,
				F23CCC18260030DB00DA74BC /* Release */,
			);
			defaultConfigurationIsVisible = 0;
			defaultConfigurationName = Release;
		};
/* End XCConfigurationList section */
	};
	rootObject = F23CCBFF260030DB00DA74BC /* Project object */;
}
